
Microsoft Visual Studio Solution File, Format Version 12.00
# Visual Studio Version 17
VisualStudioVersion = 17.6.33815.320
MinimumVisualStudioVersion = 10.0.40219.1
Project("{FAE04EC0-301F-11D3-BF4B-00C04F79EFBC}") = "dolgozok_ASP", "dolgozok_ASP.csproj", "{311F1D37-8329-4994-8B1A-5DFE8EF4F09E}"
EndProject
Global
	GlobalSection(SolutionConfigurationPlatforms) = preSolution
		Debug|Any CPU = Debug|Any CPU
		Release|Any CPU = Release|Any CPU
	EndGlobalSection
	GlobalSection(ProjectConfigurationPlatforms) = postSolution
		{311F1D37-8329-4994-8B1A-5DFE8EF4F09E}.Debug|Any CPU.ActiveCfg = Debug|Any CPU
		{311F1D37-8329-4994-8B1A-5DFE8EF4F09E}.Debug|Any CPU.Build.0 = Debug|Any CPU
		{311F1D37-8329-4994-8B1A-5DFE8EF4F09E}.Release|Any CPU.ActiveCfg = Release|Any CPU
		{311F1D37-8329-4994-8B1A-5DFE8EF4F09E}.Release|Any CPU.Build.0 = Release|Any CPU
	EndGlobalSection
	GlobalSection(SolutionProperties) = preSolution
		HideSolutionNode = FALSE
	EndGlobalSection
	GlobalSection(ExtensibilityGlobals) = postSolution
		SolutionGuid = {288CE625-F6A9-4602-B7D7-27E9E27AAF75}
	EndGlobalSection
EndGlobal
